// !$*UTF8*$!
{
	archiveVersion = 1;
	classes = {
	};
	objectVersion = 55;
	objects = {

/* Begin PBXBuildFile section */
		3175C35F28BFA8B800F22FA7 /* cardMaker.swift in Sources */ = {isa = PBXBuildFile; fileRef = 3175C35E28BFA8B800F22FA7 /* cardMaker.swift */; };
		3175C36328BFC98700F22FA7 /* ImageMoodClassification.mlmodel in Sources */ = {isa = PBXBuildFile; fileRef = 3175C36228BFC98700F22FA7 /* ImageMoodClassification.mlmodel */; };
		317C923228C13E8400DA71F3 /* MaruBuri-Bold.ttf in Resources */ = {isa = PBXBuildFile; fileRef = 317C923128C13E7800DA71F3 /* MaruBuri-Bold.ttf */; };
		317C923328C13E8700DA71F3 /* MaruBuri-ExtraLight.ttf in Resources */ = {isa = PBXBuildFile; fileRef = 317C922F28C13E7800DA71F3 /* MaruBuri-ExtraLight.ttf */; };
		317C923428C13E8A00DA71F3 /* MaruBuri-Light.ttf in Resources */ = {isa = PBXBuildFile; fileRef = 317C922E28C13E7800DA71F3 /* MaruBuri-Light.ttf */; };
		317C923528C13E8C00DA71F3 /* MaruBuri-Regular.ttf in Resources */ = {isa = PBXBuildFile; fileRef = 317C922D28C13E7800DA71F3 /* MaruBuri-Regular.ttf */; };
		317C923628C13E8F00DA71F3 /* MaruBuri-SemiBold.ttf in Resources */ = {isa = PBXBuildFile; fileRef = 317C923028C13E7800DA71F3 /* MaruBuri-SemiBold.ttf */; };
		31993AC028BEE6F1009E3AEC /* AppDelegate.swift in Sources */ = {isa = PBXBuildFile; fileRef = 31993ABF28BEE6F1009E3AEC /* AppDelegate.swift */; };
		31993AC228BEE6F1009E3AEC /* SceneDelegate.swift in Sources */ = {isa = PBXBuildFile; fileRef = 31993AC128BEE6F1009E3AEC /* SceneDelegate.swift */; };
		31993AC428BEE6F1009E3AEC /* MainViewController.swift in Sources */ = {isa = PBXBuildFile; fileRef = 31993AC328BEE6F1009E3AEC /* MainViewController.swift */; };
		31993AC728BEE6F1009E3AEC /* Main.storyboard in Resources */ = {isa = PBXBuildFile; fileRef = 31993AC528BEE6F1009E3AEC /* Main.storyboard */; };
		31993AC928BEE6F2009E3AEC /* Assets.xcassets in Resources */ = {isa = PBXBuildFile; fileRef = 31993AC828BEE6F2009E3AEC /* Assets.xcassets */; };
		31993ACC28BEE6F2009E3AEC /* LaunchScreen.storyboard in Resources */ = {isa = PBXBuildFile; fileRef = 31993ACA28BEE6F2009E3AEC /* LaunchScreen.storyboard */; };
		31993AD828BF4C7C009E3AEC /* PhotoPicker.swift in Sources */ = {isa = PBXBuildFile; fileRef = 31993AD728BF4C7C009E3AEC /* PhotoPicker.swift */; };
		31993ADA28BF5211009E3AEC /* CardLoadingViewController.swift in Sources */ = {isa = PBXBuildFile; fileRef = 31993AD928BF5211009E3AEC /* CardLoadingViewController.swift */; };
		31994C9528BFD1B600BF3822 /* UIImage+Extension.swift in Sources */ = {isa = PBXBuildFile; fileRef = 31994C9428BFD1B600BF3822 /* UIImage+Extension.swift */; };
/* End PBXBuildFile section */

/* Begin PBXFileReference section */
		3175C35E28BFA8B800F22FA7 /* cardMaker.swift */ = {isa = PBXFileReference; lastKnownFileType = sourcecode.swift; path = cardMaker.swift; sourceTree = "<group>"; };
		3175C36228BFC98700F22FA7 /* ImageMoodClassification.mlmodel */ = {isa = PBXFileReference; lastKnownFileType = file.mlmodel; path = ImageMoodClassification.mlmodel; sourceTree = "<group>"; };
		317C922D28C13E7800DA71F3 /* MaruBuri-Regular.ttf */ = {isa = PBXFileReference; lastKnownFileType = file; path = "MaruBuri-Regular.ttf"; sourceTree = "<group>"; };
		317C922E28C13E7800DA71F3 /* MaruBuri-Light.ttf */ = {isa = PBXFileReference; lastKnownFileType = file; path = "MaruBuri-Light.ttf"; sourceTree = "<group>"; };
		317C922F28C13E7800DA71F3 /* MaruBuri-ExtraLight.ttf */ = {isa = PBXFileReference; lastKnownFileType = file; path = "MaruBuri-ExtraLight.ttf"; sourceTree = "<group>"; };
		317C923028C13E7800DA71F3 /* MaruBuri-SemiBold.ttf */ = {isa = PBXFileReference; lastKnownFileType = file; path = "MaruBuri-SemiBold.ttf"; sourceTree = "<group>"; };
		317C923128C13E7800DA71F3 /* MaruBuri-Bold.ttf */ = {isa = PBXFileReference; lastKnownFileType = file; path = "MaruBuri-Bold.ttf"; sourceTree = "<group>"; };
		31993ABC28BEE6F1009E3AEC /* HaruHancut.app */ = {isa = PBXFileReference; explicitFileType = wrapper.application; includeInIndex = 0; path = HaruHancut.app; sourceTree = BUILT_PRODUCTS_DIR; };
		31993ABF28BEE6F1009E3AEC /* AppDelegate.swift */ = {isa = PBXFileReference; lastKnownFileType = sourcecode.swift; path = AppDelegate.swift; sourceTree = "<group>"; };
		31993AC128BEE6F1009E3AEC /* SceneDelegate.swift */ = {isa = PBXFileReference; lastKnownFileType = sourcecode.swift; path = SceneDelegate.swift; sourceTree = "<group>"; };
		31993AC328BEE6F1009E3AEC /* MainViewController.swift */ = {isa = PBXFileReference; lastKnownFileType = sourcecode.swift; path = MainViewController.swift; sourceTree = "<group>"; };
		31993AC628BEE6F1009E3AEC /* Base */ = {isa = PBXFileReference; lastKnownFileType = file.storyboard; name = Base; path = Base.lproj/Main.storyboard; sourceTree = "<group>"; };
		31993AC828BEE6F2009E3AEC /* Assets.xcassets */ = {isa = PBXFileReference; lastKnownFileType = folder.assetcatalog; path = Assets.xcassets; sourceTree = "<group>"; };
		31993ACB28BEE6F2009E3AEC /* Base */ = {isa = PBXFileReference; lastKnownFileType = file.storyboard; name = Base; path = Base.lproj/LaunchScreen.storyboard; sourceTree = "<group>"; };
		31993ACD28BEE6F2009E3AEC /* Info.plist */ = {isa = PBXFileReference; lastKnownFileType = text.plist.xml; path = Info.plist; sourceTree = "<group>"; };
		31993AD728BF4C7C009E3AEC /* PhotoPicker.swift */ = {isa = PBXFileReference; lastKnownFileType = sourcecode.swift; path = PhotoPicker.swift; sourceTree = "<group>"; };
		31993AD928BF5211009E3AEC /* CardLoadingViewController.swift */ = {isa = PBXFileReference; lastKnownFileType = sourcecode.swift; path = CardLoadingViewController.swift; sourceTree = "<group>"; };
		31994C9428BFD1B600BF3822 /* UIImage+Extension.swift */ = {isa = PBXFileReference; lastKnownFileType = sourcecode.swift; path = "UIImage+Extension.swift"; sourceTree = "<group>"; };
/* End PBXFileReference section */

/* Begin PBXFrameworksBuildPhase section */
		31993AB928BEE6F1009E3AEC /* Frameworks */ = {
			isa = PBXFrameworksBuildPhase;
			buildActionMask = 2147483647;
			files = (
			);
			runOnlyForDeploymentPostprocessing = 0;
		};
/* End PBXFrameworksBuildPhase section */

/* Begin PBXGroup section */
		3175C35D28BFA55600F22FA7 /* Card Maker */ = {
			isa = PBXGroup;
			children = (
				3175C35E28BFA8B800F22FA7 /* cardMaker.swift */,
			);
			path = "Card Maker";
			sourceTree = "<group>";
		};
		3175C36428BFD12600F22FA7 /* Extensions */ = {
			isa = PBXGroup;
			children = (
				31994C9428BFD1B600BF3822 /* UIImage+Extension.swift */,
			);
			path = Extensions;
			sourceTree = "<group>";
		};
		31993AB328BEE6F1009E3AEC = {
			isa = PBXGroup;
			children = (
				31993ABE28BEE6F1009E3AEC /* HaruHancut */,
				31993ABD28BEE6F1009E3AEC /* Products */,
			);
			sourceTree = "<group>";
		};
		31993ABD28BEE6F1009E3AEC /* Products */ = {
			isa = PBXGroup;
			children = (
				31993ABC28BEE6F1009E3AEC /* HaruHancut.app */,
			);
			name = Products;
			sourceTree = "<group>";
		};
		31993ABE28BEE6F1009E3AEC /* HaruHancut */ = {
			isa = PBXGroup;
			children = (
				31994C9628C13B0500BF3822 /* Font */,
				3175C36428BFD12600F22FA7 /* Extensions */,
				3175C35D28BFA55600F22FA7 /* Card Maker */,
				31993AD428BEF883009E3AEC /* Views */,
				31993AD328BEF871009E3AEC /* Models */,
				31993ABF28BEE6F1009E3AEC /* AppDelegate.swift */,
				31993AC128BEE6F1009E3AEC /* SceneDelegate.swift */,
				31993AC528BEE6F1009E3AEC /* Main.storyboard */,
				31993AC828BEE6F2009E3AEC /* Assets.xcassets */,
				31993ACA28BEE6F2009E3AEC /* LaunchScreen.storyboard */,
				31993ACD28BEE6F2009E3AEC /* Info.plist */,
			);
			path = HaruHancut;
			sourceTree = "<group>";
		};
		31993AD328BEF871009E3AEC /* Models */ = {
			isa = PBXGroup;
			children = (
				3175C36228BFC98700F22FA7 /* ImageMoodClassification.mlmodel */,
			);
			path = Models;
			sourceTree = "<group>";
		};
		31993AD428BEF883009E3AEC /* Views */ = {
			isa = PBXGroup;
			children = (
				31993AC328BEE6F1009E3AEC /* MainViewController.swift */,
				31993AD728BF4C7C009E3AEC /* PhotoPicker.swift */,
				31993AD928BF5211009E3AEC /* CardLoadingViewController.swift */,
			);
			path = Views;
			sourceTree = "<group>";
		};
		31994C9628C13B0500BF3822 /* Font */ = {
			isa = PBXGroup;
			children = (
				317C923128C13E7800DA71F3 /* MaruBuri-Bold.ttf */,
				317C922F28C13E7800DA71F3 /* MaruBuri-ExtraLight.ttf */,
				317C922E28C13E7800DA71F3 /* MaruBuri-Light.ttf */,
				317C922D28C13E7800DA71F3 /* MaruBuri-Regular.ttf */,
				317C923028C13E7800DA71F3 /* MaruBuri-SemiBold.ttf */,
			);
			path = Font;
			sourceTree = "<group>";
		};
/* End PBXGroup section */

/* Begin PBXNativeTarget section */
		31993ABB28BEE6F1009E3AEC /* HaruHancut */ = {
			isa = PBXNativeTarget;
			buildConfigurationList = 31993AD028BEE6F2009E3AEC /* Build configuration list for PBXNativeTarget "HaruHancut" */;
			buildPhases = (
				31993AB828BEE6F1009E3AEC /* Sources */,
				31993AB928BEE6F1009E3AEC /* Frameworks */,
				31993ABA28BEE6F1009E3AEC /* Resources */,
			);
			buildRules = (
			);
			dependencies = (
			);
			name = HaruHancut;
			productName = HaruHancut;
			productReference = 31993ABC28BEE6F1009E3AEC /* HaruHancut.app */;
			productType = "com.apple.product-type.application";
		};
/* End PBXNativeTarget section */

/* Begin PBXProject section */
		31993AB428BEE6F1009E3AEC /* Project object */ = {
			isa = PBXProject;
			attributes = {
				BuildIndependentTargetsInParallel = 1;
				LastSwiftUpdateCheck = 1340;
				LastUpgradeCheck = 1340;
				TargetAttributes = {
					31993ABB28BEE6F1009E3AEC = {
						CreatedOnToolsVersion = 13.4.1;
					};
				};
			};
			buildConfigurationList = 31993AB728BEE6F1009E3AEC /* Build configuration list for PBXProject "HaruHancut" */;
			compatibilityVersion = "Xcode 13.0";
			developmentRegion = en;
			hasScannedForEncodings = 0;
			knownRegions = (
				en,
				Base,
			);
			mainGroup = 31993AB328BEE6F1009E3AEC;
			productRefGroup = 31993ABD28BEE6F1009E3AEC /* Products */;
			projectDirPath = "";
			projectRoot = "";
			targets = (
				31993ABB28BEE6F1009E3AEC /* HaruHancut */,
			);
		};
/* End PBXProject section */

/* Begin PBXResourcesBuildPhase section */
		31993ABA28BEE6F1009E3AEC /* Resources */ = {
			isa = PBXResourcesBuildPhase;
			buildActionMask = 2147483647;
			files = (
				317C923428C13E8A00DA71F3 /* MaruBuri-Light.ttf in Resources */,
				31993ACC28BEE6F2009E3AEC /* LaunchScreen.storyboard in Resources */,
				31993AC928BEE6F2009E3AEC /* Assets.xcassets in Resources */,
				317C923528C13E8C00DA71F3 /* MaruBuri-Regular.ttf in Resources */,
				317C923628C13E8F00DA71F3 /* MaruBuri-SemiBold.ttf in Resources */,
				317C923228C13E8400DA71F3 /* MaruBuri-Bold.ttf in Resources */,
				31993AC728BEE6F1009E3AEC /* Main.storyboard in Resources */,
				317C923328C13E8700DA71F3 /* MaruBuri-ExtraLight.ttf in Resources */,
			);
			runOnlyForDeploymentPostprocessing = 0;
		};
/* End PBXResourcesBuildPhase section */

/* Begin PBXSourcesBuildPhase section */
		31993AB828BEE6F1009E3AEC /* Sources */ = {
			isa = PBXSourcesBuildPhase;
			buildActionMask = 2147483647;
			files = (
				3175C35F28BFA8B800F22FA7 /* cardMaker.swift in Sources */,
				31993ADA28BF5211009E3AEC /* CardLoadingViewController.swift in Sources */,
				31993AC428BEE6F1009E3AEC /* MainViewController.swift in Sources */,
				31994C9528BFD1B600BF3822 /* UIImage+Extension.swift in Sources */,
				3175C36328BFC98700F22FA7 /* ImageMoodClassification.mlmodel in Sources */,
				31993AD828BF4C7C009E3AEC /* PhotoPicker.swift in Sources */,
				31993AC028BEE6F1009E3AEC /* AppDelegate.swift in Sources */,
				31993AC228BEE6F1009E3AEC /* SceneDelegate.swift in Sources */,
			);
			runOnlyForDeploymentPostprocessing = 0;
		};
/* End PBXSourcesBuildPhase section */

/* Begin PBXVariantGroup section */
		31993AC528BEE6F1009E3AEC /* Main.storyboard */ = {
			isa = PBXVariantGroup;
			children = (
				31993AC628BEE6F1009E3AEC /* Base */,
			);
			name = Main.storyboard;
			sourceTree = "<group>";
		};
		31993ACA28BEE6F2009E3AEC /* LaunchScreen.storyboard */ = {
			isa = PBXVariantGroup;
			children = (
				31993ACB28BEE6F2009E3AEC /* Base */,
			);
			name = LaunchScreen.storyboard;
			sourceTree = "<group>";
		};
/* End PBXVariantGroup section */

/* Begin XCBuildConfiguration section */
		31993ACE28BEE6F2009E3AEC /* Debug */ = {
			isa = XCBuildConfiguration;
			buildSettings = {
				ALWAYS_SEARCH_USER_PATHS = NO;
				CLANG_ANALYZER_NONNULL = YES;
				CLANG_ANALYZER_NUMBER_OBJECT_CONVERSION = YES_AGGRESSIVE;
				CLANG_CXX_LANGUAGE_STANDARD = "gnu++17";
				CLANG_ENABLE_MODULES = YES;
				CLANG_ENABLE_OBJC_ARC = YES;
				CLANG_ENABLE_OBJC_WEAK = YES;
				CLANG_WARN_BLOCK_CAPTURE_AUTORELEASING = YES;
				CLANG_WARN_BOOL_CONVERSION = YES;
				CLANG_WARN_COMMA = YES;
				CLANG_WARN_CONSTANT_CONVERSION = YES;
				CLANG_WARN_DEPRECATED_OBJC_IMPLEMENTATIONS = YES;
				CLANG_WARN_DIRECT_OBJC_ISA_USAGE = YES_ERROR;
				CLANG_WARN_DOCUMENTATION_COMMENTS = YES;
				CLANG_WARN_EMPTY_BODY = YES;
				CLANG_WARN_ENUM_CONVERSION = YES;
				CLANG_WARN_INFINITE_RECURSION = YES;
				CLANG_WARN_INT_CONVERSION = YES;
				CLANG_WARN_NON_LITERAL_NULL_CONVERSION = YES;
				CLANG_WARN_OBJC_IMPLICIT_RETAIN_SELF = YES;
				CLANG_WARN_OBJC_LITERAL_CONVERSION = YES;
				CLANG_WARN_OBJC_ROOT_CLASS = YES_ERROR;
				CLANG_WARN_QUOTED_INCLUDE_IN_FRAMEWORK_HEADER = YES;
				CLANG_WARN_RANGE_LOOP_ANALYSIS = YES;
				CLANG_WARN_STRICT_PROTOTYPES = YES;
				CLANG_WARN_SUSPICIOUS_MOVE = YES;
				CLANG_WARN_UNGUARDED_AVAILABILITY = YES_AGGRESSIVE;
				CLANG_WARN_UNREACHABLE_CODE = YES;
				CLANG_WARN__DUPLICATE_METHOD_MATCH = YES;
				COPY_PHASE_STRIP = NO;
				DEBUG_INFORMATION_FORMAT = dwarf;
				ENABLE_STRICT_OBJC_MSGSEND = YES;
				ENABLE_TESTABILITY = YES;
				GCC_C_LANGUAGE_STANDARD = gnu11;
				GCC_DYNAMIC_NO_PIC = NO;
				GCC_NO_COMMON_BLOCKS = YES;
				GCC_OPTIMIZATION_LEVEL = 0;
				GCC_PREPROCESSOR_DEFINITIONS = (
					"DEBUG=1",
					"$(inherited)",
				);
				GCC_WARN_64_TO_32_BIT_CONVERSION = YES;
				GCC_WARN_ABOUT_RETURN_TYPE = YES_ERROR;
				GCC_WARN_UNDECLARED_SELECTOR = YES;
				GCC_WARN_UNINITIALIZED_AUTOS = YES_AGGRESSIVE;
				GCC_WARN_UNUSED_FUNCTION = YES;
				GCC_WARN_UNUSED_VARIABLE = YES;
				IPHONEOS_DEPLOYMENT_TARGET = 15.5;
				MTL_ENABLE_DEBUG_INFO = INCLUDE_SOURCE;
				MTL_FAST_MATH = YES;
				ONLY_ACTIVE_ARCH = YES;
				SDKROOT = iphoneos;
				SWIFT_ACTIVE_COMPILATION_CONDITIONS = DEBUG;
				SWIFT_OPTIMIZATION_LEVEL = "-Onone";
			};
			name = Debug;
		};
		31993ACF28BEE6F2009E3AEC /* Release */ = {
			isa = XCBuildConfiguration;
			buildSettings = {
				ALWAYS_SEARCH_USER_PATHS = NO;
				CLANG_ANALYZER_NONNULL = YES;
				CLANG_ANALYZER_NUMBER_OBJECT_CONVERSION = YES_AGGRESSIVE;
				CLANG_CXX_LANGUAGE_STANDARD = "gnu++17";
				CLANG_ENABLE_MODULES = YES;
				CLANG_ENABLE_OBJC_ARC = YES;
				CLANG_ENABLE_OBJC_WEAK = YES;
				CLANG_WARN_BLOCK_CAPTURE_AUTORELEASING = YES;
				CLANG_WARN_BOOL_CONVERSION = YES;
				CLANG_WARN_COMMA = YES;
				CLANG_WARN_CONSTANT_CONVERSION = YES;
				CLANG_WARN_DEPRECATED_OBJC_IMPLEMENTATIONS = YES;
				CLANG_WARN_DIRECT_OBJC_ISA_USAGE = YES_ERROR;
				CLANG_WARN_DOCUMENTATION_COMMENTS = YES;
				CLANG_WARN_EMPTY_BODY = YES;
				CLANG_WARN_ENUM_CONVERSION = YES;
				CLANG_WARN_INFINITE_RECURSION = YES;
				CLANG_WARN_INT_CONVERSION = YES;
				CLANG_WARN_NON_LITERAL_NULL_CONVERSION = YES;
				CLANG_WARN_OBJC_IMPLICIT_RETAIN_SELF = YES;
				CLANG_WARN_OBJC_LITERAL_CONVERSION = YES;
				CLANG_WARN_OBJC_ROOT_CLASS = YES_ERROR;
				CLANG_WARN_QUOTED_INCLUDE_IN_FRAMEWORK_HEADER = YES;
				CLANG_WARN_RANGE_LOOP_ANALYSIS = YES;
				CLANG_WARN_STRICT_PROTOTYPES = YES;
				CLANG_WARN_SUSPICIOUS_MOVE = YES;
				CLANG_WARN_UNGUARDED_AVAILABILITY = YES_AGGRESSIVE;
				CLANG_WARN_UNREACHABLE_CODE = YES;
				CLANG_WARN__DUPLICATE_METHOD_MATCH = YES;
				COPY_PHASE_STRIP = NO;
				DEBUG_INFORMATION_FORMAT = "dwarf-with-dsym";
				ENABLE_NS_ASSERTIONS = NO;
				ENABLE_STRICT_OBJC_MSGSEND = YES;
				GCC_C_LANGUAGE_STANDARD = gnu11;
				GCC_NO_COMMON_BLOCKS = YES;
				GCC_WARN_64_TO_32_BIT_CONVERSION = YES;
				GCC_WARN_ABOUT_RETURN_TYPE = YES_ERROR;
				GCC_WARN_UNDECLARED_SELECTOR = YES;
				GCC_WARN_UNINITIALIZED_AUTOS = YES_AGGRESSIVE;
				GCC_WARN_UNUSED_FUNCTION = YES;
				GCC_WARN_UNUSED_VARIABLE = YES;
				IPHONEOS_DEPLOYMENT_TARGET = 15.5;
				MTL_ENABLE_DEBUG_INFO = NO;
				MTL_FAST_MATH = YES;
				SDKROOT = iphoneos;
				SWIFT_COMPILATION_MODE = wholemodule;
				SWIFT_OPTIMIZATION_LEVEL = "-O";
				VALIDATE_PRODUCT = YES;
			};
			name = Release;
		};
		31993AD128BEE6F2009E3AEC /* Debug */ = {
			isa = XCBuildConfiguration;
			buildSettings = {
				ASSETCATALOG_COMPILER_APPICON_NAME = AppIcon;
				ASSETCATALOG_COMPILER_GLOBAL_ACCENT_COLOR_NAME = AccentColor;
				CODE_SIGN_STYLE = Automatic;
				CURRENT_PROJECT_VERSION = 1;
				DEVELOPMENT_TEAM = UXVK9G3AX9;
				GENERATE_INFOPLIST_FILE = YES;
				INFOPLIST_FILE = HaruHancut/Info.plist;
				INFOPLIST_KEY_UIApplicationSupportsIndirectInputEvents = YES;
				INFOPLIST_KEY_UILaunchStoryboardName = LaunchScreen;
				INFOPLIST_KEY_UIMainStoryboardFile = Main;
				INFOPLIST_KEY_UISupportedInterfaceOrientations_iPad = "UIInterfaceOrientationPortrait UIInterfaceOrientationPortraitUpsideDown UIInterfaceOrientationLandscapeLeft UIInterfaceOrientationLandscapeRight";
				INFOPLIST_KEY_UISupportedInterfaceOrientations_iPhone = "UIInterfaceOrientationPortrait UIInterfaceOrientationLandscapeLeft UIInterfaceOrientationLandscapeRight";
				LD_RUNPATH_SEARCH_PATHS = (
					"$(inherited)",
					"@executable_path/Frameworks",
				);
				MARKETING_VERSION = 1.0;
				PRODUCT_BUNDLE_IDENTIFIER = com.hwiwon.HaruHancut;
				PRODUCT_NAME = "$(TARGET_NAME)";
				SWIFT_EMIT_LOC_STRINGS = YES;
				SWIFT_VERSION = 5.0;
				TARGETED_DEVICE_FAMILY = "1,2";
			};
			name = Debug;
		};
		31993AD228BEE6F2009E3AEC /* Release */ = {
			isa = XCBuildConfiguration;
			buildSettings = {
				ASSETCATALOG_COMPILER_APPICON_NAME = AppIcon;
				ASSETCATALOG_COMPILER_GLOBAL_ACCENT_COLOR_NAME = AccentColor;
				CODE_SIGN_STYLE = Automatic;
				CURRENT_PROJECT_VERSION = 1;
				DEVELOPMENT_TEAM = UXVK9G3AX9;
				GENERATE_INFOPLIST_FILE = YES;
				INFOPLIST_FILE = HaruHancut/Info.plist;
				INFOPLIST_KEY_UIApplicationSupportsIndirectInputEvents = YES;
				INFOPLIST_KEY_UILaunchStoryboardName = LaunchScreen;
				INFOPLIST_KEY_UIMainStoryboardFile = Main;
				INFOPLIST_KEY_UISupportedInterfaceOrientations_iPad = "UIInterfaceOrientationPortrait UIInterfaceOrientationPortraitUpsideDown UIInterfaceOrientationLandscapeLeft UIInterfaceOrientationLandscapeRight";
				INFOPLIST_KEY_UISupportedInterfaceOrientations_iPhone = "UIInterfaceOrientationPortrait UIInterfaceOrientationLandscapeLeft UIInterfaceOrientationLandscapeRight";
				LD_RUNPATH_SEARCH_PATHS = (
					"$(inherited)",
					"@executable_path/Frameworks",
				);
				MARKETING_VERSION = 1.0;
				PRODUCT_BUNDLE_IDENTIFIER = com.hwiwon.HaruHancut;
				PRODUCT_NAME = "$(TARGET_NAME)";
				SWIFT_EMIT_LOC_STRINGS = YES;
				SWIFT_VERSION = 5.0;
				TARGETED_DEVICE_FAMILY = "1,2";
			};
			name = Release;
		};
/* End XCBuildConfiguration section */

/* Begin XCConfigurationList section */
		31993AB728BEE6F1009E3AEC /* Build configuration list for PBXProject "HaruHancut" */ = {
			isa = XCConfigurationList;
			buildConfigurations = (
				31993ACE28BEE6F2009E3AEC /* Debug */,
				31993ACF28BEE6F2009E3AEC /* Release */,
			);
			defaultConfigurationIsVisible = 0;
			defaultConfigurationName = Release;
		};
		31993AD028BEE6F2009E3AEC /* Build configuration list for PBXNativeTarget "HaruHancut" */ = {
			isa = XCConfigurationList;
			buildConfigurations = (
				31993AD128BEE6F2009E3AEC /* Debug */,
				31993AD228BEE6F2009E3AEC /* Release */,
			);
			defaultConfigurationIsVisible = 0;
			defaultConfigurationName = Release;
		};
/* End XCConfigurationList section */
	};
	rootObject = 31993AB428BEE6F1009E3AEC /* Project object */;
}
